
Microsoft Visual Studio Solution File, Format Version 12.00
# Visual Studio 14
VisualStudioVersion = 14.0.23107.0
MinimumVisualStudioVersion = 10.0.40219.1
Project("{FAE04EC0-301F-11D3-BF4B-00C04F79EFBC}") = "SIMMAC", "SIMMAC\SIMMAC.csproj", "{8736E04C-FB2A-432B-B2E0-5C8A811300EA}"
EndProject
Global
	GlobalSection(SolutionConfigurationPlatforms) = preSolution
		Debug|Any CPU = Debug|Any CPU
		Release|Any CPU = Release|Any CPU
	EndGlobalSection
	GlobalSection(ProjectConfigurationPlatforms) = postSolution
		{8736E04C-FB2A-432B-B2E0-5C8A811300EA}.Debug|Any CPU.ActiveCfg = Debug|Any CPU
		{8736E04C-FB2A-432B-B2E0-5C8A811300EA}.Debug|Any CPU.Build.0 = Debug|Any CPU
		{8736E04C-FB2A-432B-B2E0-5C8A811300EA}.Release|Any CPU.ActiveCfg = Release|Any CPU
		{8736E04C-FB2A-432B-B2E0-5C8A811300EA}.Release|Any CPU.Build.0 = Release|Any CPU
	EndGlobalSection
	GlobalSection(SolutionProperties) = preSolution
		HideSolutionNode = FALSE
	EndGlobalSection
	GlobalSection(TeamFoundationVersionControl) = preSolution
		SccNumberOfProjects = 2
		SccEnterpriseProvider = {4CA58AB2-18FA-4F8D-95D4-32DDF27D184C}
		SccTeamFoundationServer = https://simmac.visualstudio.com/
		SccLocalPath0 = .
		SccProjectUniqueName1 = SIMMAC\\SIMMAC.csproj
		SccProjectName1 = SIMMAC
		SccLocalPath1 = SIMMAC
	EndGlobalSection
EndGlobal
